{
	"name": "@m-atthart/errormailer",
	"version": "1.0.0",
	"lockfileVersion": 3,
	"requires": true,
	"packages": {
		"": {
			"name": "@m-atthart/errormailer",
			"version": "1.0.0",
			"license": "ISC",
			"dependencies": {
				"@t3-oss/env-core": "^0.6.0",
				"nodemailer": "^6.9.3",
				"zod": "^3.21.4"
			},
			"devDependencies": {
				"@types/node": "^20.3.3",
				"typescript": "^5.1.6"
			}
		},
		"node_modules/@t3-oss/env-core": {
			"version": "0.6.0",
			"resolved": "https://registry.npmjs.org/@t3-oss/env-core/-/env-core-0.6.0.tgz",
			"integrity": "sha512-3FkPAba069WRZVVab/sB1m3eSGn/rZeypx5k+sWEu1d+k0OQdRDnvFS+7MtxYgqVrwaRk3b7yVnX2dgSPVmWPQ==",
			"peerDependencies": {
				"typescript": ">=4.7.2",
				"zod": "^3.0.0"
			}
		},
		"node_modules/@types/node": {
			"version": "20.3.3",
			"resolved": "https://registry.npmjs.org/@types/node/-/node-20.3.3.tgz",
			"integrity": "sha512-wheIYdr4NYML61AjC8MKj/2jrR/kDQri/CIpVoZwldwhnIrD/j9jIU5bJ8yBKuB2VhpFV7Ab6G2XkBjv9r9Zzw==",
			"dev": true
		},
		"node_modules/nodemailer": {
			"version": "6.9.3",
			"resolved": "https://registry.npmjs.org/nodemailer/-/nodemailer-6.9.3.tgz",
			"integrity": "sha512-fy9v3NgTzBngrMFkDsKEj0r02U7jm6XfC3b52eoNV+GCrGj+s8pt5OqhiJdWKuw51zCTdiNR/IUD1z33LIIGpg==",
			"engines": {
				"node": ">=6.0.0"
			}
		},
		"node_modules/typescript": {
			"version": "5.1.6",
			"resolved": "https://registry.npmjs.org/typescript/-/typescript-5.1.6.tgz",
			"integrity": "sha512-zaWCozRZ6DLEWAWFrVDz1H6FVXzUSfTy5FUMWsQlU8Ym5JP9eO4xkTIROFCQvhQf61z6O/G6ugw3SgAnvvm+HA==",
			"bin": {
				"tsc": "bin/tsc",
				"tsserver": "bin/tsserver"
			},
			"engines": {
				"node": ">=14.17"
			}
		},
		"node_modules/zod": {
			"version": "3.21.4",
			"resolved": "https://registry.npmjs.org/zod/-/zod-3.21.4.tgz",
			"integrity": "sha512-m46AKbrzKVzOzs/DZgVnG5H55N1sv1M8qZU3A8RIKbs3mrACDNeIOeilDymVb2HdmP8uwshOCF4uJ8uM9rCqJw==",
			"funding": {
				"url": "https://github.com/sponsors/colinhacks"
			}
		}
	}
}
